
Microsoft Visual Studio Solution File, Format Version 12.00
# Visual Studio Version 17
VisualStudioVersion = 17.0.31903.59
MinimumVisualStudioVersion = 10.0.40219.1
Project("{FAE04EC0-301F-11D3-BF4B-00C04F79EFBC}") = "Chitozavryk.Api.Tests", "Chitozavryk.Api.Tests\Chitozavryk.Api.Tests.csproj", "{9EBD3E00-1C96-487E-A18B-B70BDA86393E}"
EndProject
Project("{FAE04EC0-301F-11D3-BF4B-00C04F79EFBC}") = "Chitozavryk.Ui.Tests", "Chitozavryk.Ui.Tests\Chitozavryk.Ui.Tests.csproj", "{28A28992-D0AC-4725-B144-70A36C791A9E}"
EndProject
Global
	GlobalSection(SolutionConfigurationPlatforms) = preSolution
		Debug|Any CPU = Debug|Any CPU
		Debug|x64 = Debug|x64
		Debug|x86 = Debug|x86
		Release|Any CPU = Release|Any CPU
		Release|x64 = Release|x64
		Release|x86 = Release|x86
	EndGlobalSection
	GlobalSection(ProjectConfigurationPlatforms) = postSolution
		{9EBD3E00-1C96-487E-A18B-B70BDA86393E}.Debug|Any CPU.ActiveCfg = Debug|Any CPU
		{9EBD3E00-1C96-487E-A18B-B70BDA86393E}.Debug|Any CPU.Build.0 = Debug|Any CPU
		{9EBD3E00-1C96-487E-A18B-B70BDA86393E}.Debug|x64.ActiveCfg = Debug|Any CPU
		{9EBD3E00-1C96-487E-A18B-B70BDA86393E}.Debug|x64.Build.0 = Debug|Any CPU
		{9EBD3E00-1C96-487E-A18B-B70BDA86393E}.Debug|x86.ActiveCfg = Debug|Any CPU
		{9EBD3E00-1C96-487E-A18B-B70BDA86393E}.Debug|x86.Build.0 = Debug|Any CPU
		{9EBD3E00-1C96-487E-A18B-B70BDA86393E}.Release|Any CPU.ActiveCfg = Release|Any CPU
		{9EBD3E00-1C96-487E-A18B-B70BDA86393E}.Release|Any CPU.Build.0 = Release|Any CPU
		{9EBD3E00-1C96-487E-A18B-B70BDA86393E}.Release|x64.ActiveCfg = Release|Any CPU
		{9EBD3E00-1C96-487E-A18B-B70BDA86393E}.Release|x64.Build.0 = Release|Any CPU
		{9EBD3E00-1C96-487E-A18B-B70BDA86393E}.Release|x86.ActiveCfg = Release|Any CPU
		{9EBD3E00-1C96-487E-A18B-B70BDA86393E}.Release|x86.Build.0 = Release|Any CPU
		{28A28992-D0AC-4725-B144-70A36C791A9E}.Debug|Any CPU.ActiveCfg = Debug|Any CPU
		{28A28992-D0AC-4725-B144-70A36C791A9E}.Debug|Any CPU.Build.0 = Debug|Any CPU
		{28A28992-D0AC-4725-B144-70A36C791A9E}.Debug|x64.ActiveCfg = Debug|Any CPU
		{28A28992-D0AC-4725-B144-70A36C791A9E}.Debug|x64.Build.0 = Debug|Any CPU
		{28A28992-D0AC-4725-B144-70A36C791A9E}.Debug|x86.ActiveCfg = Debug|Any CPU
		{28A28992-D0AC-4725-B144-70A36C791A9E}.Debug|x86.Build.0 = Debug|Any CPU
		{28A28992-D0AC-4725-B144-70A36C791A9E}.Release|Any CPU.ActiveCfg = Release|Any CPU
		{28A28992-D0AC-4725-B144-70A36C791A9E}.Release|Any CPU.Build.0 = Release|Any CPU
		{28A28992-D0AC-4725-B144-70A36C791A9E}.Release|x64.ActiveCfg = Release|Any CPU
		{28A28992-D0AC-4725-B144-70A36C791A9E}.Release|x64.Build.0 = Release|Any CPU
		{28A28992-D0AC-4725-B144-70A36C791A9E}.Release|x86.ActiveCfg = Release|Any CPU
		{28A28992-D0AC-4725-B144-70A36C791A9E}.Release|x86.Build.0 = Release|Any CPU
	EndGlobalSection
	GlobalSection(SolutionProperties) = preSolution
		HideSolutionNode = FALSE
	EndGlobalSection
	GlobalSection(ExtensibilityGlobals) = postSolution
		SolutionGuid = {B0412722-0482-4FC8-B720-EEC899008F2D}
	EndGlobalSection
EndGlobal
